
Microsoft Visual Studio Solution File, Format Version 12.00
# Visual Studio 15
VisualStudioVersion = 15.0.28307.572
MinimumVisualStudioVersion = 15.0.26124.0
Project("{9A19103F-16F7-4668-BE54-9A1E7A4F7556}") = "webapi", "webapi\webapi.csproj", "{235412FE-5F97-44B8-94A7-795595674F8E}"
EndProject
Project("{9A19103F-16F7-4668-BE54-9A1E7A4F7556}") = "webapi2", "webapi2\webapi2.csproj", "{3177BF68-1B17-44FC-9448-7734DC438E67}"
EndProject
Project("{9A19103F-16F7-4668-BE54-9A1E7A4F7556}") = "OcelotAPI", "Ocelot\OcelotAPI.csproj", "{B98B810A-F276-4547-BCE6-EC737B4058A1}"
EndProject
Global
	GlobalSection(SolutionConfigurationPlatforms) = preSolution
		Debug|Any CPU = Debug|Any CPU
		Debug|x64 = Debug|x64
		Debug|x86 = Debug|x86
		Release|Any CPU = Release|Any CPU
		Release|x64 = Release|x64
		Release|x86 = Release|x86
	EndGlobalSection
	GlobalSection(ProjectConfigurationPlatforms) = postSolution
		{235412FE-5F97-44B8-94A7-795595674F8E}.Debug|Any CPU.ActiveCfg = Debug|Any CPU
		{235412FE-5F97-44B8-94A7-795595674F8E}.Debug|Any CPU.Build.0 = Debug|Any CPU
		{235412FE-5F97-44B8-94A7-795595674F8E}.Debug|x64.ActiveCfg = Debug|Any CPU
		{235412FE-5F97-44B8-94A7-795595674F8E}.Debug|x64.Build.0 = Debug|Any CPU
		{235412FE-5F97-44B8-94A7-795595674F8E}.Debug|x86.ActiveCfg = Debug|Any CPU
		{235412FE-5F97-44B8-94A7-795595674F8E}.Debug|x86.Build.0 = Debug|Any CPU
		{235412FE-5F97-44B8-94A7-795595674F8E}.Release|Any CPU.ActiveCfg = Release|Any CPU
		{235412FE-5F97-44B8-94A7-795595674F8E}.Release|Any CPU.Build.0 = Release|Any CPU
		{235412FE-5F97-44B8-94A7-795595674F8E}.Release|x64.ActiveCfg = Release|Any CPU
		{235412FE-5F97-44B8-94A7-795595674F8E}.Release|x64.Build.0 = Release|Any CPU
		{235412FE-5F97-44B8-94A7-795595674F8E}.Release|x86.ActiveCfg = Release|Any CPU
		{235412FE-5F97-44B8-94A7-795595674F8E}.Release|x86.Build.0 = Release|Any CPU
		{3177BF68-1B17-44FC-9448-7734DC438E67}.Debug|Any CPU.ActiveCfg = Debug|Any CPU
		{3177BF68-1B17-44FC-9448-7734DC438E67}.Debug|Any CPU.Build.0 = Debug|Any CPU
		{3177BF68-1B17-44FC-9448-7734DC438E67}.Debug|x64.ActiveCfg = Debug|Any CPU
		{3177BF68-1B17-44FC-9448-7734DC438E67}.Debug|x64.Build.0 = Debug|Any CPU
		{3177BF68-1B17-44FC-9448-7734DC438E67}.Debug|x86.ActiveCfg = Debug|Any CPU
		{3177BF68-1B17-44FC-9448-7734DC438E67}.Debug|x86.Build.0 = Debug|Any CPU
		{3177BF68-1B17-44FC-9448-7734DC438E67}.Release|Any CPU.ActiveCfg = Release|Any CPU
		{3177BF68-1B17-44FC-9448-7734DC438E67}.Release|Any CPU.Build.0 = Release|Any CPU
		{3177BF68-1B17-44FC-9448-7734DC438E67}.Release|x64.ActiveCfg = Release|Any CPU
		{3177BF68-1B17-44FC-9448-7734DC438E67}.Release|x64.Build.0 = Release|Any CPU
		{3177BF68-1B17-44FC-9448-7734DC438E67}.Release|x86.ActiveCfg = Release|Any CPU
		{3177BF68-1B17-44FC-9448-7734DC438E67}.Release|x86.Build.0 = Release|Any CPU
		{B98B810A-F276-4547-BCE6-EC737B4058A1}.Debug|Any CPU.ActiveCfg = Debug|Any CPU
		{B98B810A-F276-4547-BCE6-EC737B4058A1}.Debug|Any CPU.Build.0 = Debug|Any CPU
		{B98B810A-F276-4547-BCE6-EC737B4058A1}.Debug|x64.ActiveCfg = Debug|Any CPU
		{B98B810A-F276-4547-BCE6-EC737B4058A1}.Debug|x64.Build.0 = Debug|Any CPU
		{B98B810A-F276-4547-BCE6-EC737B4058A1}.Debug|x86.ActiveCfg = Debug|Any CPU
		{B98B810A-F276-4547-BCE6-EC737B4058A1}.Debug|x86.Build.0 = Debug|Any CPU
		{B98B810A-F276-4547-BCE6-EC737B4058A1}.Release|Any CPU.ActiveCfg = Release|Any CPU
		{B98B810A-F276-4547-BCE6-EC737B4058A1}.Release|Any CPU.Build.0 = Release|Any CPU
		{B98B810A-F276-4547-BCE6-EC737B4058A1}.Release|x64.ActiveCfg = Release|Any CPU
		{B98B810A-F276-4547-BCE6-EC737B4058A1}.Release|x64.Build.0 = Release|Any CPU
		{B98B810A-F276-4547-BCE6-EC737B4058A1}.Release|x86.ActiveCfg = Release|Any CPU
		{B98B810A-F276-4547-BCE6-EC737B4058A1}.Release|x86.Build.0 = Release|Any CPU
	EndGlobalSection
	GlobalSection(SolutionProperties) = preSolution
		HideSolutionNode = FALSE
	EndGlobalSection
	GlobalSection(ExtensibilityGlobals) = postSolution
		SolutionGuid = {433BB255-C952-436C-94AC-349868BB1DA3}
	EndGlobalSection
EndGlobal
